
Microsoft Visual Studio Solution File, Format Version 12.00
# Visual Studio Version 17
VisualStudioVersion = 17.13.35931.197 d17.13
MinimumVisualStudioVersion = 10.0.40219.1
Project("{C9674DCB-5085-4A16-B785-4C70DD1589BD}") = "Load_traffic_accidents", "Load_traffic_accidents\Load_traffic_accidents.dtproj", "{8F361B64-1AB4-1638-C89C-C2ADD871BDDF}"
EndProject
Global
	GlobalSection(SolutionConfigurationPlatforms) = preSolution
		Development|Default = Development|Default
	EndGlobalSection
	GlobalSection(ProjectConfigurationPlatforms) = postSolution
		{8F361B64-1AB4-1638-C89C-C2ADD871BDDF}.Development|Default.ActiveCfg = Development
		{8F361B64-1AB4-1638-C89C-C2ADD871BDDF}.Development|Default.Build.0 = Development
	EndGlobalSection
	GlobalSection(SolutionProperties) = preSolution
		HideSolutionNode = FALSE
	EndGlobalSection
	GlobalSection(ExtensibilityGlobals) = postSolution
		SolutionGuid = {69D0C56F-2A61-4522-ABE7-6F9D1A18546F}
	EndGlobalSection
EndGlobal
